
Microsoft Visual Studio Solution File, Format Version 12.00
# Visual Studio Version 16
VisualStudioVersion = 16.0.34031.81
MinimumVisualStudioVersion = 10.0.40219.1
Project("{2150E333-8FDC-42A3-9474-1A3956D46DE8}") = "Task0", "Task0", "{CE1007CE-D013-4AA7-866E-2AC1967E50B2}"
EndProject
Project("{FAE04EC0-301F-11D3-BF4B-00C04F79EFBC}") = "Tyuiu.ShananinaVV.Sprint3.Task0.V20", "Tyuiu.ShananinaVV.Sprint3.Task0.V20\Tyuiu.ShananinaVV.Sprint3.Task0.V20.csproj", "{1D6269E4-939C-4C7E-B5B1-A5374EAF932C}"
EndProject
Project("{FAE04EC0-301F-11D3-BF4B-00C04F79EFBC}") = "Tyuiu.ShananinaVV.Sprint3.Task0.V20.Lib", "Tyuiu.ShananinaVV.Sprint3.Task0.V20.Lib\Tyuiu.ShananinaVV.Sprint3.Task0.V20.Lib.csproj", "{D8B1F346-1286-4330-BE27-6C4AD7D9EFC6}"
EndProject
Project("{FAE04EC0-301F-11D3-BF4B-00C04F79EFBC}") = "Tyuiu.ShananinaVV.Sprint3.Task0.V20.Test", "Tyuiu.ShananinaVV.Sprint3.Task0.V20.Test\Tyuiu.ShananinaVV.Sprint3.Task0.V20.Test.csproj", "{1F3AE6AA-36CD-4E4F-8237-997A5243AC3E}"
EndProject
Project("{2150E333-8FDC-42A3-9474-1A3956D46DE8}") = "Task1", "Task1", "{592DDB97-7BC8-45DC-AF0B-53231DDAD5AA}"
EndProject
Project("{FAE04EC0-301F-11D3-BF4B-00C04F79EFBC}") = "Tyuiu.ShananinaVV.Sprint3.Task1.V9", "Tyuiu.ShananinaVV.Sprint3.Task1.V9\Tyuiu.ShananinaVV.Sprint3.Task1.V9.csproj", "{620BF3CF-C614-4B4A-B5A0-D5D347C46941}"
EndProject
Project("{FAE04EC0-301F-11D3-BF4B-00C04F79EFBC}") = "Tyuiu.ShananinaVV.Sprint3.Task1.V9.Lib", "Tyuiu.ShananinaVV.Sprint3.Task1.V9.Lib\Tyuiu.ShananinaVV.Sprint3.Task1.V9.Lib.csproj", "{D83D3F2B-A0C8-47EB-9A65-AE425E02EF5A}"
EndProject
Project("{FAE04EC0-301F-11D3-BF4B-00C04F79EFBC}") = "Tyuiu.ShananinaVV.Sprint3.Task1.V9.Test", "Tyuiu.ShananinaVV.Sprint3.Task1.V9.Test\Tyuiu.ShananinaVV.Sprint3.Task1.V9.Test.csproj", "{D6B287FE-B37C-4631-A6FB-4402CB3E11A2}"
EndProject
Project("{2150E333-8FDC-42A3-9474-1A3956D46DE8}") = "Task2", "Task2", "{74C1EE3D-569C-4DB3-B882-8A553099C73B}"
EndProject
Project("{FAE04EC0-301F-11D3-BF4B-00C04F79EFBC}") = "Tyuiu.ShananinaVV.Sprint3.Task2.V17", "Tyuiu.ShananinaVV.Sprint3.Task2.V17\Tyuiu.ShananinaVV.Sprint3.Task2.V17.csproj", "{C0B1024F-9C87-4DA9-9572-45536484ABDB}"
EndProject
Project("{FAE04EC0-301F-11D3-BF4B-00C04F79EFBC}") = "Tyuiu.ShananinaVV.Sprint3.Task2.V17.Lib", "Tyuiu.ShananinaVV.Sprint3.Task2.V17.Lib\Tyuiu.ShananinaVV.Sprint3.Task2.V17.Lib.csproj", "{665B2858-4E2E-4695-92E0-4525BDC1A5EB}"
EndProject
Project("{FAE04EC0-301F-11D3-BF4B-00C04F79EFBC}") = "Tyuiu.ShananinaVV.Sprint3.Task2.V17.Test", "Tyuiu.ShananinaVV.Sprint3.Task2.V17.Test\Tyuiu.ShananinaVV.Sprint3.Task2.V17.Test.csproj", "{70AD2A8E-72DF-4E1D-B8EC-62C34B3C50B1}"
EndProject
Project("{2150E333-8FDC-42A3-9474-1A3956D46DE8}") = "Task3", "Task3", "{6F6238D4-C894-4FBC-B02E-30A0A3F9D29E}"
EndProject
Project("{FAE04EC0-301F-11D3-BF4B-00C04F79EFBC}") = "Tyuiu.ShananinaVV.Sprint3.Task3.V27", "Tyuiu.ShananinaVV.Sprint3.Task3.V27\Tyuiu.ShananinaVV.Sprint3.Task3.V27.csproj", "{6B7FB259-D5AF-4DBF-8188-8555DC5A88DE}"
EndProject
Project("{FAE04EC0-301F-11D3-BF4B-00C04F79EFBC}") = "Tyuiu.ShananinaVV.Sprint3.Task3.V27.Lib", "Tyuiu.ShananinaVV.Sprint3.Task3.V27.Lib\Tyuiu.ShananinaVV.Sprint3.Task3.V27.Lib.csproj", "{EF88E7EF-7262-4BEA-AF69-A4A4EC2670BF}"
EndProject
Project("{FAE04EC0-301F-11D3-BF4B-00C04F79EFBC}") = "Tyuiu.ShananinaVV.Sprint3.Task3.V27.Test", "Tyuiu.ShananinaVV.Sprint3.Task3.V27.Test\Tyuiu.ShananinaVV.Sprint3.Task3.V27.Test.csproj", "{25557065-EFAC-4C64-8A23-BA15057379A3}"
EndProject
Project("{2150E333-8FDC-42A3-9474-1A3956D46DE8}") = "Task4", "Task4", "{041D71C1-F4EF-49AF-AAD4-2B7E0E86C7AC}"
EndProject
Project("{FAE04EC0-301F-11D3-BF4B-00C04F79EFBC}") = "Tyuiu.ShananinaVV.Sprint3.Task4.V2", "Tyuiu.ShananinaVV.Sprint3.Task4.V2\Tyuiu.ShananinaVV.Sprint3.Task4.V2.csproj", "{DFEF6712-0ACF-4540-86A3-A2BF40782475}"
EndProject
Project("{FAE04EC0-301F-11D3-BF4B-00C04F79EFBC}") = "Tyuiu.ShananinaVV.Sprint3.Task4.V2.Lib", "Tyuiu.ShananinaVV.Sprint3.Task4.V2.Lib\Tyuiu.ShananinaVV.Sprint3.Task4.V2.Lib.csproj", "{31156149-3825-4842-93CE-031FF134C161}"
EndProject
Project("{FAE04EC0-301F-11D3-BF4B-00C04F79EFBC}") = "Tyuiu.ShananinaVV.Sprint3.Task4.V2.Test", "Tyuiu.ShananinaVV.Sprint3.Task4.V2.Test\Tyuiu.ShananinaVV.Sprint3.Task4.V2.Test.csproj", "{857B98FA-AF23-437B-AFE6-E0066D6ACC46}"
EndProject
Project("{2150E333-8FDC-42A3-9474-1A3956D46DE8}") = "Task5", "Task5", "{7483CE02-0445-4FD4-9F43-F4B10E7B1220}"
EndProject
Project("{FAE04EC0-301F-11D3-BF4B-00C04F79EFBC}") = "Tyuiu.ShananinaVV.Sprint3.Task5.V11", "Tyuiu.ShananinaVV.Sprint3.Task5.V11\Tyuiu.ShananinaVV.Sprint3.Task5.V11.csproj", "{093CE73D-B213-4B87-835A-CD5ADE6DC574}"
EndProject
Project("{FAE04EC0-301F-11D3-BF4B-00C04F79EFBC}") = "Tyuiu.ShananinaVV.Sprint3.Task5.V11.Lib", "Tyuiu.ShananinaVV.Sprint3.Task5.V11.Lib\Tyuiu.ShananinaVV.Sprint3.Task5.V11.Lib.csproj", "{8BA02AF6-C3A1-4C8E-B771-A38B46004A2C}"
EndProject
Project("{FAE04EC0-301F-11D3-BF4B-00C04F79EFBC}") = "Tyuiu.ShananinaVV.Sprint3.Task5.V11.Test", "Tyuiu.ShananinaVV.Sprint3.Task5.V11.Test\Tyuiu.ShananinaVV.Sprint3.Task5.V11.Test.csproj", "{F035855F-ACE8-4615-A286-319F91319B23}"
EndProject
Global
	GlobalSection(SolutionConfigurationPlatforms) = preSolution
		Debug|Any CPU = Debug|Any CPU
		Release|Any CPU = Release|Any CPU
	EndGlobalSection
	GlobalSection(ProjectConfigurationPlatforms) = postSolution
		{1D6269E4-939C-4C7E-B5B1-A5374EAF932C}.Debug|Any CPU.ActiveCfg = Debug|Any CPU
		{1D6269E4-939C-4C7E-B5B1-A5374EAF932C}.Debug|Any CPU.Build.0 = Debug|Any CPU
		{1D6269E4-939C-4C7E-B5B1-A5374EAF932C}.Release|Any CPU.ActiveCfg = Release|Any CPU
		{1D6269E4-939C-4C7E-B5B1-A5374EAF932C}.Release|Any CPU.Build.0 = Release|Any CPU
		{D8B1F346-1286-4330-BE27-6C4AD7D9EFC6}.Debug|Any CPU.ActiveCfg = Debug|Any CPU
		{D8B1F346-1286-4330-BE27-6C4AD7D9EFC6}.Debug|Any CPU.Build.0 = Debug|Any CPU
		{D8B1F346-1286-4330-BE27-6C4AD7D9EFC6}.Release|Any CPU.ActiveCfg = Release|Any CPU
		{D8B1F346-1286-4330-BE27-6C4AD7D9EFC6}.Release|Any CPU.Build.0 = Release|Any CPU
		{1F3AE6AA-36CD-4E4F-8237-997A5243AC3E}.Debug|Any CPU.ActiveCfg = Debug|Any CPU
		{1F3AE6AA-36CD-4E4F-8237-997A5243AC3E}.Debug|Any CPU.Build.0 = Debug|Any CPU
		{1F3AE6AA-36CD-4E4F-8237-997A5243AC3E}.Release|Any CPU.ActiveCfg = Release|Any CPU
		{1F3AE6AA-36CD-4E4F-8237-997A5243AC3E}.Release|Any CPU.Build.0 = Release|Any CPU
		{620BF3CF-C614-4B4A-B5A0-D5D347C46941}.Debug|Any CPU.ActiveCfg = Debug|Any CPU
		{620BF3CF-C614-4B4A-B5A0-D5D347C46941}.Debug|Any CPU.Build.0 = Debug|Any CPU
		{620BF3CF-C614-4B4A-B5A0-D5D347C46941}.Release|Any CPU.ActiveCfg = Release|Any CPU
		{620BF3CF-C614-4B4A-B5A0-D5D347C46941}.Release|Any CPU.Build.0 = Release|Any CPU
		{D83D3F2B-A0C8-47EB-9A65-AE425E02EF5A}.Debug|Any CPU.ActiveCfg = Debug|Any CPU
		{D83D3F2B-A0C8-47EB-9A65-AE425E02EF5A}.Debug|Any CPU.Build.0 = Debug|Any CPU
		{D83D3F2B-A0C8-47EB-9A65-AE425E02EF5A}.Release|Any CPU.ActiveCfg = Release|Any CPU
		{D83D3F2B-A0C8-47EB-9A65-AE425E02EF5A}.Release|Any CPU.Build.0 = Release|Any CPU
		{D6B287FE-B37C-4631-A6FB-4402CB3E11A2}.Debug|Any CPU.ActiveCfg = Debug|Any CPU
		{D6B287FE-B37C-4631-A6FB-4402CB3E11A2}.Debug|Any CPU.Build.0 = Debug|Any CPU
		{D6B287FE-B37C-4631-A6FB-4402CB3E11A2}.Release|Any CPU.ActiveCfg = Release|Any CPU
		{D6B287FE-B37C-4631-A6FB-4402CB3E11A2}.Release|Any CPU.Build.0 = Release|Any CPU
		{C0B1024F-9C87-4DA9-9572-45536484ABDB}.Debug|Any CPU.ActiveCfg = Debug|Any CPU
		{C0B1024F-9C87-4DA9-9572-45536484ABDB}.Debug|Any CPU.Build.0 = Debug|Any CPU
		{C0B1024F-9C87-4DA9-9572-45536484ABDB}.Release|Any CPU.ActiveCfg = Release|Any CPU
		{C0B1024F-9C87-4DA9-9572-45536484ABDB}.Release|Any CPU.Build.0 = Release|Any CPU
		{665B2858-4E2E-4695-92E0-4525BDC1A5EB}.Debug|Any CPU.ActiveCfg = Debug|Any CPU
		{665B2858-4E2E-4695-92E0-4525BDC1A5EB}.Debug|Any CPU.Build.0 = Debug|Any CPU
		{665B2858-4E2E-4695-92E0-4525BDC1A5EB}.Release|Any CPU.ActiveCfg = Release|Any CPU
		{665B2858-4E2E-4695-92E0-4525BDC1A5EB}.Release|Any CPU.Build.0 = Release|Any CPU
		{70AD2A8E-72DF-4E1D-B8EC-62C34B3C50B1}.Debug|Any CPU.ActiveCfg = Debug|Any CPU
		{70AD2A8E-72DF-4E1D-B8EC-62C34B3C50B1}.Debug|Any CPU.Build.0 = Debug|Any CPU
		{70AD2A8E-72DF-4E1D-B8EC-62C34B3C50B1}.Release|Any CPU.ActiveCfg = Release|Any CPU
		{70AD2A8E-72DF-4E1D-B8EC-62C34B3C50B1}.Release|Any CPU.Build.0 = Release|Any CPU
		{6B7FB259-D5AF-4DBF-8188-8555DC5A88DE}.Debug|Any CPU.ActiveCfg = Debug|Any CPU
		{6B7FB259-D5AF-4DBF-8188-8555DC5A88DE}.Debug|Any CPU.Build.0 = Debug|Any CPU
		{6B7FB259-D5AF-4DBF-8188-8555DC5A88DE}.Release|Any CPU.ActiveCfg = Release|Any CPU
		{6B7FB259-D5AF-4DBF-8188-8555DC5A88DE}.Release|Any CPU.Build.0 = Release|Any CPU
		{EF88E7EF-7262-4BEA-AF69-A4A4EC2670BF}.Debug|Any CPU.ActiveCfg = Debug|Any CPU
		{EF88E7EF-7262-4BEA-AF69-A4A4EC2670BF}.Debug|Any CPU.Build.0 = Debug|Any CPU
		{EF88E7EF-7262-4BEA-AF69-A4A4EC2670BF}.Release|Any CPU.ActiveCfg = Release|Any CPU
		{EF88E7EF-7262-4BEA-AF69-A4A4EC2670BF}.Release|Any CPU.Build.0 = Release|Any CPU
		{25557065-EFAC-4C64-8A23-BA15057379A3}.Debug|Any CPU.ActiveCfg = Debug|Any CPU
		{25557065-EFAC-4C64-8A23-BA15057379A3}.Debug|Any CPU.Build.0 = Debug|Any CPU
		{25557065-EFAC-4C64-8A23-BA15057379A3}.Release|Any CPU.ActiveCfg = Release|Any CPU
		{25557065-EFAC-4C64-8A23-BA15057379A3}.Release|Any CPU.Build.0 = Release|Any CPU
		{DFEF6712-0ACF-4540-86A3-A2BF40782475}.Debug|Any CPU.ActiveCfg = Debug|Any CPU
		{DFEF6712-0ACF-4540-86A3-A2BF40782475}.Debug|Any CPU.Build.0 = Debug|Any CPU
		{DFEF6712-0ACF-4540-86A3-A2BF40782475}.Release|Any CPU.ActiveCfg = Release|Any CPU
		{DFEF6712-0ACF-4540-86A3-A2BF40782475}.Release|Any CPU.Build.0 = Release|Any CPU
		{31156149-3825-4842-93CE-031FF134C161}.Debug|Any CPU.ActiveCfg = Debug|Any CPU
		{31156149-3825-4842-93CE-031FF134C161}.Debug|Any CPU.Build.0 = Debug|Any CPU
		{31156149-3825-4842-93CE-031FF134C161}.Release|Any CPU.ActiveCfg = Release|Any CPU
		{31156149-3825-4842-93CE-031FF134C161}.Release|Any CPU.Build.0 = Release|Any CPU
		{857B98FA-AF23-437B-AFE6-E0066D6ACC46}.Debug|Any CPU.ActiveCfg = Debug|Any CPU
		{857B98FA-AF23-437B-AFE6-E0066D6ACC46}.Debug|Any CPU.Build.0 = Debug|Any CPU
		{857B98FA-AF23-437B-AFE6-E0066D6ACC46}.Release|Any CPU.ActiveCfg = Release|Any CPU
		{857B98FA-AF23-437B-AFE6-E0066D6ACC46}.Release|Any CPU.Build.0 = Release|Any CPU
		{093CE73D-B213-4B87-835A-CD5ADE6DC574}.Debug|Any CPU.ActiveCfg = Debug|Any CPU
		{093CE73D-B213-4B87-835A-CD5ADE6DC574}.Debug|Any CPU.Build.0 = Debug|Any CPU
		{093CE73D-B213-4B87-835A-CD5ADE6DC574}.Release|Any CPU.ActiveCfg = Release|Any CPU
		{093CE73D-B213-4B87-835A-CD5ADE6DC574}.Release|Any CPU.Build.0 = Release|Any CPU
		{8BA02AF6-C3A1-4C8E-B771-A38B46004A2C}.Debug|Any CPU.ActiveCfg = Debug|Any CPU
		{8BA02AF6-C3A1-4C8E-B771-A38B46004A2C}.Debug|Any CPU.Build.0 = Debug|Any CPU
		{8BA02AF6-C3A1-4C8E-B771-A38B46004A2C}.Release|Any CPU.ActiveCfg = Release|Any CPU
		{8BA02AF6-C3A1-4C8E-B771-A38B46004A2C}.Release|Any CPU.Build.0 = Release|Any CPU
		{F035855F-ACE8-4615-A286-319F91319B23}.Debug|Any CPU.ActiveCfg = Debug|Any CPU
		{F035855F-ACE8-4615-A286-319F91319B23}.Debug|Any CPU.Build.0 = Debug|Any CPU
		{F035855F-ACE8-4615-A286-319F91319B23}.Release|Any CPU.ActiveCfg = Release|Any CPU
		{F035855F-ACE8-4615-A286-319F91319B23}.Release|Any CPU.Build.0 = Release|Any CPU
	EndGlobalSection
	GlobalSection(SolutionProperties) = preSolution
		HideSolutionNode = FALSE
	EndGlobalSection
	GlobalSection(NestedProjects) = preSolution
		{1D6269E4-939C-4C7E-B5B1-A5374EAF932C} = {CE1007CE-D013-4AA7-866E-2AC1967E50B2}
		{D8B1F346-1286-4330-BE27-6C4AD7D9EFC6} = {CE1007CE-D013-4AA7-866E-2AC1967E50B2}
		{1F3AE6AA-36CD-4E4F-8237-997A5243AC3E} = {CE1007CE-D013-4AA7-866E-2AC1967E50B2}
		{620BF3CF-C614-4B4A-B5A0-D5D347C46941} = {592DDB97-7BC8-45DC-AF0B-53231DDAD5AA}
		{D83D3F2B-A0C8-47EB-9A65-AE425E02EF5A} = {592DDB97-7BC8-45DC-AF0B-53231DDAD5AA}
		{D6B287FE-B37C-4631-A6FB-4402CB3E11A2} = {592DDB97-7BC8-45DC-AF0B-53231DDAD5AA}
		{C0B1024F-9C87-4DA9-9572-45536484ABDB} = {74C1EE3D-569C-4DB3-B882-8A553099C73B}
		{665B2858-4E2E-4695-92E0-4525BDC1A5EB} = {74C1EE3D-569C-4DB3-B882-8A553099C73B}
		{70AD2A8E-72DF-4E1D-B8EC-62C34B3C50B1} = {74C1EE3D-569C-4DB3-B882-8A553099C73B}
		{6B7FB259-D5AF-4DBF-8188-8555DC5A88DE} = {6F6238D4-C894-4FBC-B02E-30A0A3F9D29E}
		{EF88E7EF-7262-4BEA-AF69-A4A4EC2670BF} = {6F6238D4-C894-4FBC-B02E-30A0A3F9D29E}
		{25557065-EFAC-4C64-8A23-BA15057379A3} = {6F6238D4-C894-4FBC-B02E-30A0A3F9D29E}
		{DFEF6712-0ACF-4540-86A3-A2BF40782475} = {041D71C1-F4EF-49AF-AAD4-2B7E0E86C7AC}
		{31156149-3825-4842-93CE-031FF134C161} = {041D71C1-F4EF-49AF-AAD4-2B7E0E86C7AC}
		{857B98FA-AF23-437B-AFE6-E0066D6ACC46} = {041D71C1-F4EF-49AF-AAD4-2B7E0E86C7AC}
		{093CE73D-B213-4B87-835A-CD5ADE6DC574} = {7483CE02-0445-4FD4-9F43-F4B10E7B1220}
		{8BA02AF6-C3A1-4C8E-B771-A38B46004A2C} = {7483CE02-0445-4FD4-9F43-F4B10E7B1220}
		{F035855F-ACE8-4615-A286-319F91319B23} = {7483CE02-0445-4FD4-9F43-F4B10E7B1220}
	EndGlobalSection
	GlobalSection(ExtensibilityGlobals) = postSolution
		SolutionGuid = {C87775E3-F5A4-4834-A5D9-1827942B15DA}
	EndGlobalSection
EndGlobal
